
Microsoft Visual Studio Solution File, Format Version 12.00
# Visual Studio Version 17
VisualStudioVersion = 17.10.35013.160
MinimumVisualStudioVersion = 10.0.40219.1
Project("{FAE04EC0-301F-11D3-BF4B-00C04F79EFBC}") = "TesterCore", "TesterCore.csproj", "{AC8CEEC3-8CA5-4E97-8816-EF8437CD7BB9}"
EndProject
Project("{FAE04EC0-301F-11D3-BF4B-00C04F79EFBC}") = "TesterMSTest", "..\TesterMSTest\TesterMSTest.csproj", "{45D61307-CBAF-4271-8FB6-CE238381D7B9}"
EndProject
Project("{FAE04EC0-301F-11D3-BF4B-00C04F79EFBC}") = "TesterXUnit", "..\TesterXUnit\TesterXUnit.csproj", "{EE6230E5-BFA6-4F94-94CC-52B8FE5F33DE}"
EndProject
Global
	GlobalSection(SolutionConfigurationPlatforms) = preSolution
		Debug|Any CPU = Debug|Any CPU
		Release|Any CPU = Release|Any CPU
	EndGlobalSection
	GlobalSection(ProjectConfigurationPlatforms) = postSolution
		{AC8CEEC3-8CA5-4E97-8816-EF8437CD7BB9}.Debug|Any CPU.ActiveCfg = Debug|Any CPU
		{AC8CEEC3-8CA5-4E97-8816-EF8437CD7BB9}.Debug|Any CPU.Build.0 = Debug|Any CPU
		{AC8CEEC3-8CA5-4E97-8816-EF8437CD7BB9}.Release|Any CPU.ActiveCfg = Release|Any CPU
		{AC8CEEC3-8CA5-4E97-8816-EF8437CD7BB9}.Release|Any CPU.Build.0 = Release|Any CPU
		{45D61307-CBAF-4271-8FB6-CE238381D7B9}.Debug|Any CPU.ActiveCfg = Debug|Any CPU
		{45D61307-CBAF-4271-8FB6-CE238381D7B9}.Debug|Any CPU.Build.0 = Debug|Any CPU
		{45D61307-CBAF-4271-8FB6-CE238381D7B9}.Release|Any CPU.ActiveCfg = Release|Any CPU
		{45D61307-CBAF-4271-8FB6-CE238381D7B9}.Release|Any CPU.Build.0 = Release|Any CPU
		{EE6230E5-BFA6-4F94-94CC-52B8FE5F33DE}.Debug|Any CPU.ActiveCfg = Debug|Any CPU
		{EE6230E5-BFA6-4F94-94CC-52B8FE5F33DE}.Debug|Any CPU.Build.0 = Debug|Any CPU
		{EE6230E5-BFA6-4F94-94CC-52B8FE5F33DE}.Release|Any CPU.ActiveCfg = Release|Any CPU
		{EE6230E5-BFA6-4F94-94CC-52B8FE5F33DE}.Release|Any CPU.Build.0 = Release|Any CPU
	EndGlobalSection
	GlobalSection(SolutionProperties) = preSolution
		HideSolutionNode = FALSE
	EndGlobalSection
	GlobalSection(ExtensibilityGlobals) = postSolution
		SolutionGuid = {D5DA0739-7887-4A3E-B6FC-0E52419912AB}
	EndGlobalSection
EndGlobal
